{
    "_meta": {
        "hash": {
            "sha256": "1cc35b08274c0e91020fa69b1612b0bc8e5a4753f73293be83ca3a823c5223fd"
        },
        "pipfile-spec": 6,
        "requires": {
            "python_version": "3.8"
        },
        "sources": [
            {
                "name": "pypi",
                "url": "https://pypi.org/simple",
                "verify_ssl": true
            }
        ]
    },
    "default": {
        "plumbum": {
            "hashes": [
                "sha256:3c0ac8c4ee57b2adddc82909d3c738a62ef5f77faf24ec7cb6f0a117e1679740",
                "sha256:e97229fdf218698b4e9e939355f4d20d20bf57f8a02710f81f92442e2b2db038"
            ],
            "markers": "python_version >= '2.7' and python_version not in '3.0, 3.1, 3.2, 3.3, 3.4'",
            "version": "==1.7.1"
        },
        "pypiwin32": {
            "hashes": [
                "sha256:67adf399debc1d5d14dffc1ab5acacb800da569754fafdc576b2a039485aa775",
                "sha256:71be40c1fbd28594214ecaecb58e7aa8b708eabfa0125c8a109ebd51edbd776a"
            ],
            "markers": "platform_system == 'Windows' and platform_python_implementation != 'PyPy'",
            "version": "==223"
        },
        "pyro5": {
            "hashes": [
                "sha256:050ce83a5e2ee4fffafbdd3fbf61732cf5107040aecd9633c9aaa6b2b1a35c63",
                "sha256:616e6957c341da0ca26f947805c9c97b42031941f59ca5613537d1420ff4f2e2"
            ],
            "index": "pypi",
            "version": "==5.12"
        },
        "pywin32": {
            "hashes": [
                "sha256:2393c1a40dc4497fd6161b76801b8acd727c5610167762b7c3e9fd058ef4a6ab",
                "sha256:251b7a9367355ccd1a4cd69cd8dd24bd57b29ad83edb2957cfa30f7ed9941efa",
                "sha256:48dd4e348f1ee9538dd4440bf201ea8c110ea6d9f3a5010d79452e9fa80480d9",
                "sha256:496df89f10c054c9285cc99f9d509e243f4e14ec8dfc6d78c9f0bf147a893ab1",
                "sha256:543552e66936378bd2d673c5a0a3d9903dba0b0a87235ef0c584f058ceef5872",
                "sha256:79cf7e6ddaaf1cd47a9e50cc74b5d770801a9db6594464137b1b86aa91edafcc",
                "sha256:af5aea18167a31efcacc9f98a2ca932c6b6a6d91ebe31f007509e293dea12580",
                "sha256:d3761ab4e8c5c2dbc156e2c9ccf38dd51f936dc77e58deb940ffbc4b82a30528",
                "sha256:e372e477d938a49266136bff78279ed14445e00718b6c75543334351bf535259",
                "sha256:fe21c2fb332d03dac29de070f191bdbf14095167f8f2165fdc57db59b1ecc006"
            ],
            "version": "==302"
        },
        "rpyc": {
            "hashes": [
                "sha256:97c40d84994816e6b39be9224c936817bb6f76e71b9b49d29adb22531d9c820f"
            ],
            "index": "pypi",
            "version": "==5.0.1"
        },
        "serpent": {
            "hashes": [
                "sha256:10b34e7f8e3207ee6fb70dcdc9bce473851ee3daf0b47c58aec1b48032ac11ce",
                "sha256:14d531cedeed593e793bae4e14eb1463445e8b161cb24ddf795800a50973d3d3"
            ],
            "markers": "python_version >= '3.2'",
            "version": "==1.40"
        }
    },
    "develop": {}
}
